				
Microsoft Visual Studio Solution File, Format Version 12.00
Project("{FAE04EC0-301F-11D3-BF4B-00C04F79EFBC}") = "DataAccessLayer", "DataAccessLayer\DataAccessLayer.csproj", "{CBA4FD54-AFB9-428E-8FEA-DC57696AD06A}"
EndProject
Project("{FAE04EC0-301F-11D3-BF4B-00C04F79EFBC}") = "WebAPI", "WebAPI\WebAPI.csproj", "{EBA12EF6-824D-4342-B42E-B18046CE7D50}"
EndProject
Project("{FAE04EC0-301F-11D3-BF4B-00C04F79EFBC}") = "BusinessLayer", "BusinessLayer\BusinessLayer.csproj", "{1C9C6255-2EA6-4772-BB67-1BEF7A496CCD}"
EndProject
Project("{FAE04EC0-301F-11D3-BF4B-00C04F79EFBC}") = "DAL.PostgreSQL.Migrations", "DAL.PostgreSQL.Migrations\DAL.PostgreSQL.Migrations.csproj", "{4283F9E5-8FBA-4A48-A52A-A129BFB373C0}"
EndProject
Project("{FAE04EC0-301F-11D3-BF4B-00C04F79EFBC}") = "Infrastructure", "Infrastructure\Infrastructure.csproj", "{C390DCF5-AC41-4C93-BAE2-E34FA54B013C}"
EndProject
Global
	GlobalSection(SolutionConfigurationPlatforms) = preSolution
		Debug|Any CPU = Debug|Any CPU
		Release|Any CPU = Release|Any CPU
	EndGlobalSection
	GlobalSection(ProjectConfigurationPlatforms) = postSolution
		{CBA4FD54-AFB9-428E-8FEA-DC57696AD06A}.Debug|Any CPU.ActiveCfg = Debug|Any CPU
		{CBA4FD54-AFB9-428E-8FEA-DC57696AD06A}.Debug|Any CPU.Build.0 = Debug|Any CPU
		{CBA4FD54-AFB9-428E-8FEA-DC57696AD06A}.Release|Any CPU.ActiveCfg = Release|Any CPU
		{CBA4FD54-AFB9-428E-8FEA-DC57696AD06A}.Release|Any CPU.Build.0 = Release|Any CPU
		{EBA12EF6-824D-4342-B42E-B18046CE7D50}.Debug|Any CPU.ActiveCfg = Debug|Any CPU
		{EBA12EF6-824D-4342-B42E-B18046CE7D50}.Debug|Any CPU.Build.0 = Debug|Any CPU
		{EBA12EF6-824D-4342-B42E-B18046CE7D50}.Release|Any CPU.ActiveCfg = Release|Any CPU
		{EBA12EF6-824D-4342-B42E-B18046CE7D50}.Release|Any CPU.Build.0 = Release|Any CPU
		{1C9C6255-2EA6-4772-BB67-1BEF7A496CCD}.Debug|Any CPU.ActiveCfg = Debug|Any CPU
		{1C9C6255-2EA6-4772-BB67-1BEF7A496CCD}.Debug|Any CPU.Build.0 = Debug|Any CPU
		{1C9C6255-2EA6-4772-BB67-1BEF7A496CCD}.Release|Any CPU.ActiveCfg = Release|Any CPU
		{1C9C6255-2EA6-4772-BB67-1BEF7A496CCD}.Release|Any CPU.Build.0 = Release|Any CPU
		{4283F9E5-8FBA-4A48-A52A-A129BFB373C0}.Debug|Any CPU.ActiveCfg = Debug|Any CPU
		{4283F9E5-8FBA-4A48-A52A-A129BFB373C0}.Debug|Any CPU.Build.0 = Debug|Any CPU
		{4283F9E5-8FBA-4A48-A52A-A129BFB373C0}.Release|Any CPU.ActiveCfg = Release|Any CPU
		{4283F9E5-8FBA-4A48-A52A-A129BFB373C0}.Release|Any CPU.Build.0 = Release|Any CPU
		{C390DCF5-AC41-4C93-BAE2-E34FA54B013C}.Debug|Any CPU.ActiveCfg = Debug|Any CPU
		{C390DCF5-AC41-4C93-BAE2-E34FA54B013C}.Debug|Any CPU.Build.0 = Debug|Any CPU
		{C390DCF5-AC41-4C93-BAE2-E34FA54B013C}.Release|Any CPU.ActiveCfg = Release|Any CPU
		{C390DCF5-AC41-4C93-BAE2-E34FA54B013C}.Release|Any CPU.Build.0 = Release|Any CPU
	EndGlobalSection
EndGlobal
